// !$*UTF8*$!
{
	archiveVersion = 1;
	classes = {
	};
	objectVersion = 55;
	objects = {

/* Begin PBXBuildFile section */
		1F9322782879BF5200086684 /* LoginView.swift in Sources */ = {isa = PBXBuildFile; fileRef = 1F9322772879BF5200086684 /* LoginView.swift */; };
		1F93227B2879C2B000086684 /* FirebaseAuth in Frameworks */ = {isa = PBXBuildFile; productRef = 1F93227A2879C2B000086684 /* FirebaseAuth */; };
		1F93227D2879C33300086684 /* GoogleService-Info.plist in Resources */ = {isa = PBXBuildFile; fileRef = 1F93227C2879C33200086684 /* GoogleService-Info.plist */; };
		1F9322802879C6FB00086684 /* HomeView.swift in Sources */ = {isa = PBXBuildFile; fileRef = 1F93227F2879C6FB00086684 /* HomeView.swift */; };
		1F9322852879C96D00086684 /* CustomButton.swift in Sources */ = {isa = PBXBuildFile; fileRef = 1F9322842879C96D00086684 /* CustomButton.swift */; };
		1F9322872879D17A00086684 /* RegistrationView.swift in Sources */ = {isa = PBXBuildFile; fileRef = 1F9322862879D17A00086684 /* RegistrationView.swift */; };
		1F9B1F9C2879BD05005E7566 /* The_SaloonApp.swift in Sources */ = {isa = PBXBuildFile; fileRef = 1F9B1F9B2879BD05005E7566 /* The_SaloonApp.swift */; };
		1F9B1F9E2879BD05005E7566 /* ContentView.swift in Sources */ = {isa = PBXBuildFile; fileRef = 1F9B1F9D2879BD05005E7566 /* ContentView.swift */; };
		1F9B1FA02879BD09005E7566 /* Assets.xcassets in Resources */ = {isa = PBXBuildFile; fileRef = 1F9B1F9F2879BD09005E7566 /* Assets.xcassets */; };
		1F9B1FA32879BD09005E7566 /* Preview Assets.xcassets in Resources */ = {isa = PBXBuildFile; fileRef = 1F9B1FA22879BD09005E7566 /* Preview Assets.xcassets */; };
/* End PBXBuildFile section */

/* Begin PBXFileReference section */
		1F9322772879BF5200086684 /* LoginView.swift */ = {isa = PBXFileReference; lastKnownFileType = sourcecode.swift; path = LoginView.swift; sourceTree = "<group>"; };
		1F93227C2879C33200086684 /* GoogleService-Info.plist */ = {isa = PBXFileReference; fileEncoding = 4; lastKnownFileType = text.plist.xml; path = "GoogleService-Info.plist"; sourceTree = "<group>"; };
		1F93227F2879C6FB00086684 /* HomeView.swift */ = {isa = PBXFileReference; lastKnownFileType = sourcecode.swift; path = HomeView.swift; sourceTree = "<group>"; };
		1F9322842879C96D00086684 /* CustomButton.swift */ = {isa = PBXFileReference; lastKnownFileType = sourcecode.swift; path = CustomButton.swift; sourceTree = "<group>"; };
		1F9322862879D17A00086684 /* RegistrationView.swift */ = {isa = PBXFileReference; lastKnownFileType = sourcecode.swift; path = RegistrationView.swift; sourceTree = "<group>"; };
		1F9B1F982879BD05005E7566 /* The Saloon.app */ = {isa = PBXFileReference; explicitFileType = wrapper.application; includeInIndex = 0; path = "The Saloon.app"; sourceTree = BUILT_PRODUCTS_DIR; };
		1F9B1F9B2879BD05005E7566 /* The_SaloonApp.swift */ = {isa = PBXFileReference; lastKnownFileType = sourcecode.swift; path = The_SaloonApp.swift; sourceTree = "<group>"; };
		1F9B1F9D2879BD05005E7566 /* ContentView.swift */ = {isa = PBXFileReference; lastKnownFileType = sourcecode.swift; path = ContentView.swift; sourceTree = "<group>"; };
		1F9B1F9F2879BD09005E7566 /* Assets.xcassets */ = {isa = PBXFileReference; lastKnownFileType = folder.assetcatalog; path = Assets.xcassets; sourceTree = "<group>"; };
		1F9B1FA22879BD09005E7566 /* Preview Assets.xcassets */ = {isa = PBXFileReference; lastKnownFileType = folder.assetcatalog; path = "Preview Assets.xcassets"; sourceTree = "<group>"; };
/* End PBXFileReference section */

/* Begin PBXFrameworksBuildPhase section */
		1F9B1F952879BD05005E7566 /* Frameworks */ = {
			isa = PBXFrameworksBuildPhase;
			buildActionMask = 2147483647;
			files = (
				1F93227B2879C2B000086684 /* FirebaseAuth in Frameworks */,
			);
			runOnlyForDeploymentPostprocessing = 0;
		};
/* End PBXFrameworksBuildPhase section */

/* Begin PBXGroup section */
		1F9322752879BF2300086684 /* Views */ = {
			isa = PBXGroup;
			children = (
				1F93227E2879C6E600086684 /* Core */,
				1F9322762879BF3300086684 /* Auth */,
			);
			path = Views;
			sourceTree = "<group>";
		};
		1F9322762879BF3300086684 /* Auth */ = {
			isa = PBXGroup;
			children = (
				1F9322772879BF5200086684 /* LoginView.swift */,
				1F9322862879D17A00086684 /* RegistrationView.swift */,
			);
			path = Auth;
			sourceTree = "<group>";
		};
		1F93227E2879C6E600086684 /* Core */ = {
			isa = PBXGroup;
			children = (
				1F93227F2879C6FB00086684 /* HomeView.swift */,
			);
			path = Core;
			sourceTree = "<group>";
		};
		1F9322812879C92A00086684 /* Resources */ = {
			isa = PBXGroup;
			children = (
				1F93227C2879C33200086684 /* GoogleService-Info.plist */,
			);
			path = Resources;
			sourceTree = "<group>";
		};
		1F9322822879C93900086684 /* Components */ = {
			isa = PBXGroup;
			children = (
				1F9322832879C94C00086684 /* Buttons */,
			);
			path = Components;
			sourceTree = "<group>";
		};
		1F9322832879C94C00086684 /* Buttons */ = {
			isa = PBXGroup;
			children = (
				1F9322842879C96D00086684 /* CustomButton.swift */,
			);
			path = Buttons;
			sourceTree = "<group>";
		};
		1F9B1F8F2879BD05005E7566 = {
			isa = PBXGroup;
			children = (
				1F9B1F9A2879BD05005E7566 /* The Saloon */,
				1F9B1F992879BD05005E7566 /* Products */,
			);
			sourceTree = "<group>";
		};
		1F9B1F992879BD05005E7566 /* Products */ = {
			isa = PBXGroup;
			children = (
				1F9B1F982879BD05005E7566 /* The Saloon.app */,
			);
			name = Products;
			sourceTree = "<group>";
		};
		1F9B1F9A2879BD05005E7566 /* The Saloon */ = {
			isa = PBXGroup;
			children = (
				1F9322822879C93900086684 /* Components */,
				1F9322812879C92A00086684 /* Resources */,
				1F9322752879BF2300086684 /* Views */,
				1F9B1F9B2879BD05005E7566 /* The_SaloonApp.swift */,
				1F9B1F9D2879BD05005E7566 /* ContentView.swift */,
				1F9B1F9F2879BD09005E7566 /* Assets.xcassets */,
				1F9B1FA12879BD09005E7566 /* Preview Content */,
			);
			path = "The Saloon";
			sourceTree = "<group>";
		};
		1F9B1FA12879BD09005E7566 /* Preview Content */ = {
			isa = PBXGroup;
			children = (
				1F9B1FA22879BD09005E7566 /* Preview Assets.xcassets */,
			);
			path = "Preview Content";
			sourceTree = "<group>";
		};
/* End PBXGroup section */

/* Begin PBXNativeTarget section */
		1F9B1F972879BD05005E7566 /* The Saloon */ = {
			isa = PBXNativeTarget;
			buildConfigurationList = 1F9B1FA62879BD09005E7566 /* Build configuration list for PBXNativeTarget "The Saloon" */;
			buildPhases = (
				1F9B1F942879BD05005E7566 /* Sources */,
				1F9B1F952879BD05005E7566 /* Frameworks */,
				1F9B1F962879BD05005E7566 /* Resources */,
			);
			buildRules = (
			);
			dependencies = (
			);
			name = "The Saloon";
			packageProductDependencies = (
				1F93227A2879C2B000086684 /* FirebaseAuth */,
			);
			productName = "The Saloon";
			productReference = 1F9B1F982879BD05005E7566 /* The Saloon.app */;
			productType = "com.apple.product-type.application";
		};
/* End PBXNativeTarget section */

/* Begin PBXProject section */
		1F9B1F902879BD05005E7566 /* Project object */ = {
			isa = PBXProject;
			attributes = {
				BuildIndependentTargetsInParallel = 1;
				LastSwiftUpdateCheck = 1340;
				LastUpgradeCheck = 1340;
				TargetAttributes = {
					1F9B1F972879BD05005E7566 = {
						CreatedOnToolsVersion = 13.4.1;
					};
				};
			};
			buildConfigurationList = 1F9B1F932879BD05005E7566 /* Build configuration list for PBXProject "The Saloon" */;
			compatibilityVersion = "Xcode 13.0";
			developmentRegion = en;
			hasScannedForEncodings = 0;
			knownRegions = (
				en,
				Base,
			);
			mainGroup = 1F9B1F8F2879BD05005E7566;
			packageReferences = (
				1F9322792879C2B000086684 /* XCRemoteSwiftPackageReference "firebase-ios-sdk" */,
			);
			productRefGroup = 1F9B1F992879BD05005E7566 /* Products */;
			projectDirPath = "";
			projectRoot = "";
			targets = (
				1F9B1F972879BD05005E7566 /* The Saloon */,
			);
		};
/* End PBXProject section */

/* Begin PBXResourcesBuildPhase section */
		1F9B1F962879BD05005E7566 /* Resources */ = {
			isa = PBXResourcesBuildPhase;
			buildActionMask = 2147483647;
			files = (
				1F9B1FA32879BD09005E7566 /* Preview Assets.xcassets in Resources */,
				1F9B1FA02879BD09005E7566 /* Assets.xcassets in Resources */,
				1F93227D2879C33300086684 /* GoogleService-Info.plist in Resources */,
			);
			runOnlyForDeploymentPostprocessing = 0;
		};
/* End PBXResourcesBuildPhase section */

/* Begin PBXSourcesBuildPhase section */
		1F9B1F942879BD05005E7566 /* Sources */ = {
			isa = PBXSourcesBuildPhase;
			buildActionMask = 2147483647;
			files = (
				1F9322782879BF5200086684 /* LoginView.swift in Sources */,
				1F9322802879C6FB00086684 /* HomeView.swift in Sources */,
				1F9B1F9E2879BD05005E7566 /* ContentView.swift in Sources */,
				1F9322872879D17A00086684 /* RegistrationView.swift in Sources */,
				1F9B1F9C2879BD05005E7566 /* The_SaloonApp.swift in Sources */,
				1F9322852879C96D00086684 /* CustomButton.swift in Sources */,
			);
			runOnlyForDeploymentPostprocessing = 0;
		};
/* End PBXSourcesBuildPhase section */

/* Begin XCBuildConfiguration section */
		1F9B1FA42879BD09005E7566 /* Debug */ = {
			isa = XCBuildConfiguration;
			buildSettings = {
				ALWAYS_SEARCH_USER_PATHS = NO;
				CLANG_ANALYZER_NONNULL = YES;
				CLANG_ANALYZER_NUMBER_OBJECT_CONVERSION = YES_AGGRESSIVE;
				CLANG_CXX_LANGUAGE_STANDARD = "gnu++17";
				CLANG_ENABLE_MODULES = YES;
				CLANG_ENABLE_OBJC_ARC = YES;
				CLANG_ENABLE_OBJC_WEAK = YES;
				CLANG_WARN_BLOCK_CAPTURE_AUTORELEASING = YES;
				CLANG_WARN_BOOL_CONVERSION = YES;
				CLANG_WARN_COMMA = YES;
				CLANG_WARN_CONSTANT_CONVERSION = YES;
				CLANG_WARN_DEPRECATED_OBJC_IMPLEMENTATIONS = YES;
				CLANG_WARN_DIRECT_OBJC_ISA_USAGE = YES_ERROR;
				CLANG_WARN_DOCUMENTATION_COMMENTS = YES;
				CLANG_WARN_EMPTY_BODY = YES;
				CLANG_WARN_ENUM_CONVERSION = YES;
				CLANG_WARN_INFINITE_RECURSION = YES;
				CLANG_WARN_INT_CONVERSION = YES;
				CLANG_WARN_NON_LITERAL_NULL_CONVERSION = YES;
				CLANG_WARN_OBJC_IMPLICIT_RETAIN_SELF = YES;
				CLANG_WARN_OBJC_LITERAL_CONVERSION = YES;
				CLANG_WARN_OBJC_ROOT_CLASS = YES_ERROR;
				CLANG_WARN_QUOTED_INCLUDE_IN_FRAMEWORK_HEADER = YES;
				CLANG_WARN_RANGE_LOOP_ANALYSIS = YES;
				CLANG_WARN_STRICT_PROTOTYPES = YES;
				CLANG_WARN_SUSPICIOUS_MOVE = YES;
				CLANG_WARN_UNGUARDED_AVAILABILITY = YES_AGGRESSIVE;
				CLANG_WARN_UNREACHABLE_CODE = YES;
				CLANG_WARN__DUPLICATE_METHOD_MATCH = YES;
				COPY_PHASE_STRIP = NO;
				DEBUG_INFORMATION_FORMAT = dwarf;
				ENABLE_STRICT_OBJC_MSGSEND = YES;
				ENABLE_TESTABILITY = YES;
				GCC_C_LANGUAGE_STANDARD = gnu11;
				GCC_DYNAMIC_NO_PIC = NO;
				GCC_NO_COMMON_BLOCKS = YES;
				GCC_OPTIMIZATION_LEVEL = 0;
				GCC_PREPROCESSOR_DEFINITIONS = (
					"DEBUG=1",
					"$(inherited)",
				);
				GCC_WARN_64_TO_32_BIT_CONVERSION = YES;
				GCC_WARN_ABOUT_RETURN_TYPE = YES_ERROR;
				GCC_WARN_UNDECLARED_SELECTOR = YES;
				GCC_WARN_UNINITIALIZED_AUTOS = YES_AGGRESSIVE;
				GCC_WARN_UNUSED_FUNCTION = YES;
				GCC_WARN_UNUSED_VARIABLE = YES;
				IPHONEOS_DEPLOYMENT_TARGET = 15.5;
				MTL_ENABLE_DEBUG_INFO = INCLUDE_SOURCE;
				MTL_FAST_MATH = YES;
				ONLY_ACTIVE_ARCH = YES;
				SDKROOT = iphoneos;
				SWIFT_ACTIVE_COMPILATION_CONDITIONS = DEBUG;
				SWIFT_OPTIMIZATION_LEVEL = "-Onone";
			};
			name = Debug;
		};
		1F9B1FA52879BD09005E7566 /* Release */ = {
			isa = XCBuildConfiguration;
			buildSettings = {
				ALWAYS_SEARCH_USER_PATHS = NO;
				CLANG_ANALYZER_NONNULL = YES;
				CLANG_ANALYZER_NUMBER_OBJECT_CONVERSION = YES_AGGRESSIVE;
				CLANG_CXX_LANGUAGE_STANDARD = "gnu++17";
				CLANG_ENABLE_MODULES = YES;
				CLANG_ENABLE_OBJC_ARC = YES;
				CLANG_ENABLE_OBJC_WEAK = YES;
				CLANG_WARN_BLOCK_CAPTURE_AUTORELEASING = YES;
				CLANG_WARN_BOOL_CONVERSION = YES;
				CLANG_WARN_COMMA = YES;
				CLANG_WARN_CONSTANT_CONVERSION = YES;
				CLANG_WARN_DEPRECATED_OBJC_IMPLEMENTATIONS = YES;
				CLANG_WARN_DIRECT_OBJC_ISA_USAGE = YES_ERROR;
				CLANG_WARN_DOCUMENTATION_COMMENTS = YES;
				CLANG_WARN_EMPTY_BODY = YES;
				CLANG_WARN_ENUM_CONVERSION = YES;
				CLANG_WARN_INFINITE_RECURSION = YES;
				CLANG_WARN_INT_CONVERSION = YES;
				CLANG_WARN_NON_LITERAL_NULL_CONVERSION = YES;
				CLANG_WARN_OBJC_IMPLICIT_RETAIN_SELF = YES;
				CLANG_WARN_OBJC_LITERAL_CONVERSION = YES;
				CLANG_WARN_OBJC_ROOT_CLASS = YES_ERROR;
				CLANG_WARN_QUOTED_INCLUDE_IN_FRAMEWORK_HEADER = YES;
				CLANG_WARN_RANGE_LOOP_ANALYSIS = YES;
				CLANG_WARN_STRICT_PROTOTYPES = YES;
				CLANG_WARN_SUSPICIOUS_MOVE = YES;
				CLANG_WARN_UNGUARDED_AVAILABILITY = YES_AGGRESSIVE;
				CLANG_WARN_UNREACHABLE_CODE = YES;
				CLANG_WARN__DUPLICATE_METHOD_MATCH = YES;
				COPY_PHASE_STRIP = NO;
				DEBUG_INFORMATION_FORMAT = "dwarf-with-dsym";
				ENABLE_NS_ASSERTIONS = NO;
				ENABLE_STRICT_OBJC_MSGSEND = YES;
				GCC_C_LANGUAGE_STANDARD = gnu11;
				GCC_NO_COMMON_BLOCKS = YES;
				GCC_WARN_64_TO_32_BIT_CONVERSION = YES;
				GCC_WARN_ABOUT_RETURN_TYPE = YES_ERROR;
				GCC_WARN_UNDECLARED_SELECTOR = YES;
				GCC_WARN_UNINITIALIZED_AUTOS = YES_AGGRESSIVE;
				GCC_WARN_UNUSED_FUNCTION = YES;
				GCC_WARN_UNUSED_VARIABLE = YES;
				IPHONEOS_DEPLOYMENT_TARGET = 15.5;
				MTL_ENABLE_DEBUG_INFO = NO;
				MTL_FAST_MATH = YES;
				SDKROOT = iphoneos;
				SWIFT_COMPILATION_MODE = wholemodule;
				SWIFT_OPTIMIZATION_LEVEL = "-O";
				VALIDATE_PRODUCT = YES;
			};
			name = Release;
		};
		1F9B1FA72879BD09005E7566 /* Debug */ = {
			isa = XCBuildConfiguration;
			buildSettings = {
				ASSETCATALOG_COMPILER_APPICON_NAME = AppIcon;
				ASSETCATALOG_COMPILER_GLOBAL_ACCENT_COLOR_NAME = AccentColor;
				CODE_SIGN_STYLE = Automatic;
				CURRENT_PROJECT_VERSION = 1;
				DEVELOPMENT_ASSET_PATHS = "\"The Saloon/Preview Content\"";
				DEVELOPMENT_TEAM = NVBAMR8VDL;
				ENABLE_PREVIEWS = YES;
				GENERATE_INFOPLIST_FILE = YES;
				INFOPLIST_KEY_UIApplicationSceneManifest_Generation = YES;
				INFOPLIST_KEY_UIApplicationSupportsIndirectInputEvents = YES;
				INFOPLIST_KEY_UILaunchScreen_Generation = YES;
				INFOPLIST_KEY_UISupportedInterfaceOrientations_iPad = "UIInterfaceOrientationPortrait UIInterfaceOrientationPortraitUpsideDown UIInterfaceOrientationLandscapeLeft UIInterfaceOrientationLandscapeRight";
				INFOPLIST_KEY_UISupportedInterfaceOrientations_iPhone = "UIInterfaceOrientationPortrait UIInterfaceOrientationLandscapeLeft UIInterfaceOrientationLandscapeRight";
				LD_RUNPATH_SEARCH_PATHS = (
					"$(inherited)",
					"@executable_path/Frameworks",
				);
				MARKETING_VERSION = 1.0;
				PRODUCT_BUNDLE_IDENTIFIER = "co.ucleus.The-Saloon";
				PRODUCT_NAME = "$(TARGET_NAME)";
				SWIFT_EMIT_LOC_STRINGS = YES;
				SWIFT_VERSION = 5.0;
				TARGETED_DEVICE_FAMILY = "1,2";
			};
			name = Debug;
		};
		1F9B1FA82879BD09005E7566 /* Release */ = {
			isa = XCBuildConfiguration;
			buildSettings = {
				ASSETCATALOG_COMPILER_APPICON_NAME = AppIcon;
				ASSETCATALOG_COMPILER_GLOBAL_ACCENT_COLOR_NAME = AccentColor;
				CODE_SIGN_STYLE = Automatic;
				CURRENT_PROJECT_VERSION = 1;
				DEVELOPMENT_ASSET_PATHS = "\"The Saloon/Preview Content\"";
				DEVELOPMENT_TEAM = NVBAMR8VDL;
				ENABLE_PREVIEWS = YES;
				GENERATE_INFOPLIST_FILE = YES;
				INFOPLIST_KEY_UIApplicationSceneManifest_Generation = YES;
				INFOPLIST_KEY_UIApplicationSupportsIndirectInputEvents = YES;
				INFOPLIST_KEY_UILaunchScreen_Generation = YES;
				INFOPLIST_KEY_UISupportedInterfaceOrientations_iPad = "UIInterfaceOrientationPortrait UIInterfaceOrientationPortraitUpsideDown UIInterfaceOrientationLandscapeLeft UIInterfaceOrientationLandscapeRight";
				INFOPLIST_KEY_UISupportedInterfaceOrientations_iPhone = "UIInterfaceOrientationPortrait UIInterfaceOrientationLandscapeLeft UIInterfaceOrientationLandscapeRight";
				LD_RUNPATH_SEARCH_PATHS = (
					"$(inherited)",
					"@executable_path/Frameworks",
				);
				MARKETING_VERSION = 1.0;
				PRODUCT_BUNDLE_IDENTIFIER = "co.ucleus.The-Saloon";
				PRODUCT_NAME = "$(TARGET_NAME)";
				SWIFT_EMIT_LOC_STRINGS = YES;
				SWIFT_VERSION = 5.0;
				TARGETED_DEVICE_FAMILY = "1,2";
			};
			name = Release;
		};
/* End XCBuildConfiguration section */

/* Begin XCConfigurationList section */
		1F9B1F932879BD05005E7566 /* Build configuration list for PBXProject "The Saloon" */ = {
			isa = XCConfigurationList;
			buildConfigurations = (
				1F9B1FA42879BD09005E7566 /* Debug */,
				1F9B1FA52879BD09005E7566 /* Release */,
			);
			defaultConfigurationIsVisible = 0;
			defaultConfigurationName = Release;
		};
		1F9B1FA62879BD09005E7566 /* Build configuration list for PBXNativeTarget "The Saloon" */ = {
			isa = XCConfigurationList;
			buildConfigurations = (
				1F9B1FA72879BD09005E7566 /* Debug */,
				1F9B1FA82879BD09005E7566 /* Release */,
			);
			defaultConfigurationIsVisible = 0;
			defaultConfigurationName = Release;
		};
/* End XCConfigurationList section */

/* Begin XCRemoteSwiftPackageReference section */
		1F9322792879C2B000086684 /* XCRemoteSwiftPackageReference "firebase-ios-sdk" */ = {
			isa = XCRemoteSwiftPackageReference;
			repositoryURL = "https://github.com/firebase/firebase-ios-sdk";
			requirement = {
				kind = upToNextMajorVersion;
				minimumVersion = 9.0.0;
			};
		};
/* End XCRemoteSwiftPackageReference section */

/* Begin XCSwiftPackageProductDependency section */
		1F93227A2879C2B000086684 /* FirebaseAuth */ = {
			isa = XCSwiftPackageProductDependency;
			package = 1F9322792879C2B000086684 /* XCRemoteSwiftPackageReference "firebase-ios-sdk" */;
			productName = FirebaseAuth;
		};
/* End XCSwiftPackageProductDependency section */
	};
	rootObject = 1F9B1F902879BD05005E7566 /* Project object */;
}
